
Microsoft Visual Studio Solution File, Format Version 12.00
# Visual Studio Version 16
VisualStudioVersion = 16.0.33801.447
MinimumVisualStudioVersion = 10.0.40219.1
Project("{FAE04EC0-301F-11D3-BF4B-00C04F79EFBC}") = "04_12_23", "04_12_23\04_12_23.csproj", "{7AFA0A6D-71F7-478C-9BB4-41BE5B43C522}"
EndProject
Global
	GlobalSection(SolutionConfigurationPlatforms) = preSolution
		Debug|Any CPU = Debug|Any CPU
		Release|Any CPU = Release|Any CPU
	EndGlobalSection
	GlobalSection(ProjectConfigurationPlatforms) = postSolution
		{7AFA0A6D-71F7-478C-9BB4-41BE5B43C522}.Debug|Any CPU.ActiveCfg = Debug|Any CPU
		{7AFA0A6D-71F7-478C-9BB4-41BE5B43C522}.Debug|Any CPU.Build.0 = Debug|Any CPU
		{7AFA0A6D-71F7-478C-9BB4-41BE5B43C522}.Release|Any CPU.ActiveCfg = Release|Any CPU
		{7AFA0A6D-71F7-478C-9BB4-41BE5B43C522}.Release|Any CPU.Build.0 = Release|Any CPU
	EndGlobalSection
	GlobalSection(SolutionProperties) = preSolution
		HideSolutionNode = FALSE
	EndGlobalSection
	GlobalSection(ExtensibilityGlobals) = postSolution
		SolutionGuid = {1B443014-A25A-4011-BA97-B454434D2DEC}
	EndGlobalSection
EndGlobal
